
Microsoft Visual Studio Solution File, Format Version 12.00
# Visual Studio Version 16
VisualStudioVersion = 16.0.30413.136
MinimumVisualStudioVersion = 10.0.40219.1
Project("{FAE04EC0-301F-11D3-BF4B-00C04F79EFBC}") = "WiredBrainCoffee.ShopInfoTool", "WiredBrainCoffee.ShopInfoTool\WiredBrainCoffee.ShopInfoTool.csproj", "{CA7857C8-7B60-4D00-BB79-FC4B2969FF39}"
EndProject
Global
	GlobalSection(SolutionConfigurationPlatforms) = preSolution
		Debug|Any CPU = Debug|Any CPU
		Release|Any CPU = Release|Any CPU
	EndGlobalSection
	GlobalSection(ProjectConfigurationPlatforms) = postSolution
		{CA7857C8-7B60-4D00-BB79-FC4B2969FF39}.Debug|Any CPU.ActiveCfg = Debug|Any CPU
		{CA7857C8-7B60-4D00-BB79-FC4B2969FF39}.Debug|Any CPU.Build.0 = Debug|Any CPU
		{CA7857C8-7B60-4D00-BB79-FC4B2969FF39}.Release|Any CPU.ActiveCfg = Release|Any CPU
		{CA7857C8-7B60-4D00-BB79-FC4B2969FF39}.Release|Any CPU.Build.0 = Release|Any CPU
	EndGlobalSection
	GlobalSection(SolutionProperties) = preSolution
		HideSolutionNode = FALSE
	EndGlobalSection
	GlobalSection(ExtensibilityGlobals) = postSolution
		SolutionGuid = {37D00174-1237-4CA3-9B5C-1261CA62392B}
	EndGlobalSection
EndGlobal
